
Microsoft Visual Studio Solution File, Format Version 12.00
# Visual Studio Version 16
VisualStudioVersion = 16.0.29509.3
MinimumVisualStudioVersion = 10.0.40219.1
Project("{2150E333-8FDC-42A3-9474-1A3956D46DE8}") = "Solution Items", "Solution Items", "{85BCD56E-286F-4F4F-8FEC-B4E021555939}"
	ProjectSection(SolutionItems) = preProject
		.gitignore = .gitignore
		azure-pipelines.yml = azure-pipelines.yml
		docker-compose.yml = docker-compose.yml
		Jenkinsfile = Jenkinsfile
		README.md = README.md
		SetupSonarQubeAndNexus.md = SetupSonarQubeAndNexus.md
	EndProjectSection
EndProject
Project("{9A19103F-16F7-4668-BE54-9A1E7A4F7556}") = "BeerBowlingLeague.Server", "BeerBowlingLeague.Server\BeerBowlingLeague.Server.csproj", "{06D0B6E0-B818-40B3-AE74-1E2799C2BAE2}"
EndProject
Project("{2150E333-8FDC-42A3-9474-1A3956D46DE8}") = "images", "images", "{87B67C6B-B12C-4C28-B643-80E29B115171}"
	ProjectSection(SolutionItems) = preProject
		images\micro-service.png = images\micro-service.png
	EndProjectSection
EndProject
Project("{9A19103F-16F7-4668-BE54-9A1E7A4F7556}") = "BeerBowlingLeague.Server.Tests", "BeerBowlingLeague.Server.Test\BeerBowlingLeague.Server.Tests.csproj", "{65531D12-7984-4879-AAA3-DA6F02FB1A08}"
EndProject
Project("{9A19103F-16F7-4668-BE54-9A1E7A4F7556}") = "BeerBowlingLeague.Client", "BeerBowlingLeague.Client\BeerBowlingLeague.Client.csproj", "{B1BE26DD-E9E0-4DF7-9F55-7A82788E454C}"
EndProject
Global
	GlobalSection(SolutionConfigurationPlatforms) = preSolution
		Debug|Any CPU = Debug|Any CPU
		Debug|x64 = Debug|x64
		Debug|x86 = Debug|x86
		Release|Any CPU = Release|Any CPU
		Release|x64 = Release|x64
		Release|x86 = Release|x86
	EndGlobalSection
	GlobalSection(ProjectConfigurationPlatforms) = postSolution
		{06D0B6E0-B818-40B3-AE74-1E2799C2BAE2}.Debug|Any CPU.ActiveCfg = Debug|Any CPU
		{06D0B6E0-B818-40B3-AE74-1E2799C2BAE2}.Debug|Any CPU.Build.0 = Debug|Any CPU
		{06D0B6E0-B818-40B3-AE74-1E2799C2BAE2}.Debug|x64.ActiveCfg = Debug|Any CPU
		{06D0B6E0-B818-40B3-AE74-1E2799C2BAE2}.Debug|x64.Build.0 = Debug|Any CPU
		{06D0B6E0-B818-40B3-AE74-1E2799C2BAE2}.Debug|x86.ActiveCfg = Debug|Any CPU
		{06D0B6E0-B818-40B3-AE74-1E2799C2BAE2}.Debug|x86.Build.0 = Debug|Any CPU
		{06D0B6E0-B818-40B3-AE74-1E2799C2BAE2}.Release|Any CPU.ActiveCfg = Release|Any CPU
		{06D0B6E0-B818-40B3-AE74-1E2799C2BAE2}.Release|Any CPU.Build.0 = Release|Any CPU
		{06D0B6E0-B818-40B3-AE74-1E2799C2BAE2}.Release|x64.ActiveCfg = Release|Any CPU
		{06D0B6E0-B818-40B3-AE74-1E2799C2BAE2}.Release|x64.Build.0 = Release|Any CPU
		{06D0B6E0-B818-40B3-AE74-1E2799C2BAE2}.Release|x86.ActiveCfg = Release|Any CPU
		{06D0B6E0-B818-40B3-AE74-1E2799C2BAE2}.Release|x86.Build.0 = Release|Any CPU
		{65531D12-7984-4879-AAA3-DA6F02FB1A08}.Debug|Any CPU.ActiveCfg = Debug|Any CPU
		{65531D12-7984-4879-AAA3-DA6F02FB1A08}.Debug|Any CPU.Build.0 = Debug|Any CPU
		{65531D12-7984-4879-AAA3-DA6F02FB1A08}.Debug|x64.ActiveCfg = Debug|Any CPU
		{65531D12-7984-4879-AAA3-DA6F02FB1A08}.Debug|x64.Build.0 = Debug|Any CPU
		{65531D12-7984-4879-AAA3-DA6F02FB1A08}.Debug|x86.ActiveCfg = Debug|Any CPU
		{65531D12-7984-4879-AAA3-DA6F02FB1A08}.Debug|x86.Build.0 = Debug|Any CPU
		{65531D12-7984-4879-AAA3-DA6F02FB1A08}.Release|Any CPU.ActiveCfg = Release|Any CPU
		{65531D12-7984-4879-AAA3-DA6F02FB1A08}.Release|Any CPU.Build.0 = Release|Any CPU
		{65531D12-7984-4879-AAA3-DA6F02FB1A08}.Release|x64.ActiveCfg = Release|Any CPU
		{65531D12-7984-4879-AAA3-DA6F02FB1A08}.Release|x64.Build.0 = Release|Any CPU
		{65531D12-7984-4879-AAA3-DA6F02FB1A08}.Release|x86.ActiveCfg = Release|Any CPU
		{65531D12-7984-4879-AAA3-DA6F02FB1A08}.Release|x86.Build.0 = Release|Any CPU
		{B1BE26DD-E9E0-4DF7-9F55-7A82788E454C}.Debug|Any CPU.ActiveCfg = Debug|Any CPU
		{B1BE26DD-E9E0-4DF7-9F55-7A82788E454C}.Debug|Any CPU.Build.0 = Debug|Any CPU
		{B1BE26DD-E9E0-4DF7-9F55-7A82788E454C}.Debug|x64.ActiveCfg = Debug|Any CPU
		{B1BE26DD-E9E0-4DF7-9F55-7A82788E454C}.Debug|x64.Build.0 = Debug|Any CPU
		{B1BE26DD-E9E0-4DF7-9F55-7A82788E454C}.Debug|x86.ActiveCfg = Debug|Any CPU
		{B1BE26DD-E9E0-4DF7-9F55-7A82788E454C}.Debug|x86.Build.0 = Debug|Any CPU
		{B1BE26DD-E9E0-4DF7-9F55-7A82788E454C}.Release|Any CPU.ActiveCfg = Release|Any CPU
		{B1BE26DD-E9E0-4DF7-9F55-7A82788E454C}.Release|Any CPU.Build.0 = Release|Any CPU
		{B1BE26DD-E9E0-4DF7-9F55-7A82788E454C}.Release|x64.ActiveCfg = Release|Any CPU
		{B1BE26DD-E9E0-4DF7-9F55-7A82788E454C}.Release|x64.Build.0 = Release|Any CPU
		{B1BE26DD-E9E0-4DF7-9F55-7A82788E454C}.Release|x86.ActiveCfg = Release|Any CPU
		{B1BE26DD-E9E0-4DF7-9F55-7A82788E454C}.Release|x86.Build.0 = Release|Any CPU
	EndGlobalSection
	GlobalSection(SolutionProperties) = preSolution
		HideSolutionNode = FALSE
	EndGlobalSection
	GlobalSection(NestedProjects) = preSolution
		{87B67C6B-B12C-4C28-B643-80E29B115171} = {85BCD56E-286F-4F4F-8FEC-B4E021555939}
	EndGlobalSection
	GlobalSection(ExtensibilityGlobals) = postSolution
		SolutionGuid = {36B18CA3-1D1D-42A5-B475-7AA464789880}
	EndGlobalSection
EndGlobal
